
Microsoft Visual Studio Solution File, Format Version 12.00
# Visual Studio Version 17
VisualStudioVersion = 17.4.33110.190
MinimumVisualStudioVersion = 10.0.40219.1
Project("{FAE04EC0-301F-11D3-BF4B-00C04F79EFBC}") = "ProgramInterface", "ProgramInterface.csproj", "{7359E2D5-43B0-4199-904A-1FB5D2FEAACB}"
EndProject
Global
	GlobalSection(SolutionConfigurationPlatforms) = preSolution
		Debug|Any CPU = Debug|Any CPU
		Release|Any CPU = Release|Any CPU
	EndGlobalSection
	GlobalSection(ProjectConfigurationPlatforms) = postSolution
		{7359E2D5-43B0-4199-904A-1FB5D2FEAACB}.Debug|Any CPU.ActiveCfg = Debug|Any CPU
		{7359E2D5-43B0-4199-904A-1FB5D2FEAACB}.Debug|Any CPU.Build.0 = Debug|Any CPU
		{7359E2D5-43B0-4199-904A-1FB5D2FEAACB}.Release|Any CPU.ActiveCfg = Release|Any CPU
		{7359E2D5-43B0-4199-904A-1FB5D2FEAACB}.Release|Any CPU.Build.0 = Release|Any CPU
	EndGlobalSection
	GlobalSection(SolutionProperties) = preSolution
		HideSolutionNode = FALSE
	EndGlobalSection
	GlobalSection(ExtensibilityGlobals) = postSolution
		SolutionGuid = {37431102-DDA3-4890-83DC-55C86C45C235}
	EndGlobalSection
EndGlobal
